<?xml version="1.0" encoding="utf-8"?>
<Project ToolsVersion="4.0" xmlns="http://schemas.microsoft.com/developer/msbuild/2003">
  <ItemGroup>
    <Filter Include="Source Files">
      <UniqueIdentifier>{4FC737F1-C7A5-4376-A066-2A32D752A2FF}</UniqueIdentifier>
      <Extensions>cpp;c;cc;cxx;c++;cppm;ixx;def;odl;idl;hpj;bat;asm;asmx</Extensions>
    </Filter>
    <Filter Include="Header Files">
      <UniqueIdentifier>{93995380-89BD-4b04-88EB-625FBE52EBFB}</UniqueIdentifier>
      <Extensions>h;hh;hpp;hxx;h++;hm;inl;inc;ipp;xsd</Extensions>
    </Filter>
    <Filter Include="Resource Files">
      <UniqueIdentifier>{67DA6AB6-F800-4c08-8B7A-83BB121AAD01}</UniqueIdentifier>
      <Extensions>rc;ico;cur;bmp;dlg;rc2;rct;bin;rgs;gif;jpg;jpeg;jpe;resx;tiff;tif;png;wav;mfcribbon-ms</Extensions>
    </Filter>
  </ItemGroup>
  <ItemGroup>
    <ClCompile Include="src\Xenon2022.cpp">
      <Filter>Source Files</Filter>
    </ClCompile>
    <ClCompile Include="src\InfiniteScrollerLevel.cpp">
      <Filter>Source Files</Filter>
    </ClCompile>
    <ClCompile Include="src\backgroundAssets.cpp">
      <Filter>Source Files</Filter>
    </ClCompile>
    <ClCompile Include="src\shiftingBackground.cpp">
      <Filter>Source Files</Filter>
    </ClCompile>
    <ClCompile Include="src\Toolbox.cpp">
      <Filter>Source Files</Filter>
    </ClCompile>
    <ClCompile Include="src\UIScore.cpp">
      <Filter>Source Files</Filter>
    </ClCompile>
    <ClCompile Include="src\PlayerLife.cpp">
      <Filter>Source Files</Filter>
    </ClCompile>
    <ClCompile Include="src\PlayerHealth.cpp">
      <Filter>Source Files</Filter>
    </ClCompile>
    <ClCompile Include="src\powerUpMissile.cpp">
      <Filter>Source Files</Filter>
    </ClCompile>
    <ClCompile Include="src\powerUpHeal.cpp">
      <Filter>Source Files</Filter>
    </ClCompile>
    <ClCompile Include="src\powerUpCompanion.cpp">
      <Filter>Source Files</Filter>
    </ClCompile>
    <ClCompile Include="src\Enemy.cpp">
      <Filter>Source Files</Filter>
    </ClCompile>
    <ClCompile Include="src\Explosion.cpp">
      <Filter>Source Files</Filter>
    </ClCompile>
    <ClCompile Include="src\Missile.cpp">
      <Filter>Source Files</Filter>
    </ClCompile>
    <ClCompile Include="src\rusher.cpp">
      <Filter>Source Files</Filter>
    </ClCompile>
    <ClCompile Include="src\enemyProjectile.cpp">
      <Filter>Source Files</Filter>
    </ClCompile>
    <ClCompile Include="src\loner.cpp">
      <Filter>Source Files</Filter>
    </ClCompile>
    <ClCompile Include="src\metalAsteroid.cpp">
      <Filter>Source Files</Filter>
    </ClCompile>
    <ClCompile Include="src\stoneAsteroid.cpp">
      <Filter>Source Files</Filter>
    </ClCompile>
    <ClCompile Include="src\drone.cpp">
      <Filter>Source Files</Filter>
    </ClCompile>
    <ClCompile Include="src\dronePack.cpp">
      <Filter>Source Files</Filter>
    </ClCompile>
    <ClCompile Include="src\metalAsteroidSpawner.cpp">
      <Filter>Source Files</Filter>
    </ClCompile>
    <ClCompile Include="src\stoneAsteroidSpawner.cpp">
      <Filter>Source Files</Filter>
    </ClCompile>
    <ClCompile Include="src\ally.cpp">
      <Filter>Source Files</Filter>
    </ClCompile>
    <ClCompile Include="src\companion.cpp">
      <Filter>Source Files</Filter>
    </ClCompile>
    <ClCompile Include="src\spaceship.cpp">
      <Filter>Source Files</Filter>
    </ClCompile>
    <ClCompile Include="src\droneSpawner.cpp">
      <Filter>Source Files</Filter>
    </ClCompile>
    <ClCompile Include="src\rusherSpawner.cpp">
      <Filter>Source Files</Filter>
    </ClCompile>
    <ClCompile Include="src\lonerSpawner.cpp">
      <Filter>Source Files</Filter>
    </ClCompile>
  </ItemGroup>
  <ItemGroup>
    <ClInclude Include="src\InfiniteScrollerLevel.h">
      <Filter>Header Files</Filter>
    </ClInclude>
    <ClInclude Include="src\backgroundAssets.h">
      <Filter>Header Files</Filter>
    </ClInclude>
    <ClInclude Include="src\shiftingBackground.h">
      <Filter>Header Files</Filter>
    </ClInclude>
    <ClInclude Include="src\ToolBox.h">
      <Filter>Header Files</Filter>
    </ClInclude>
    <ClInclude Include="src\UIScore.h">
      <Filter>Header Files</Filter>
    </ClInclude>
    <ClInclude Include="src\PlayerLife.h">
      <Filter>Header Files</Filter>
    </ClInclude>
    <ClInclude Include="src\PlayerHealth.h">
      <Filter>Header Files</Filter>
    </ClInclude>
    <ClInclude Include="src\powerUpMissile.h">
      <Filter>Header Files</Filter>
    </ClInclude>
    <ClInclude Include="src\powerUpHeal.h">
      <Filter>Header Files</Filter>
    </ClInclude>
    <ClInclude Include="src\powerUpCompanion.h">
      <Filter>Header Files</Filter>
    </ClInclude>
    <ClInclude Include="src\Enemy.h">
      <Filter>Header Files</Filter>
    </ClInclude>
    <ClInclude Include="src\Explosion.h">
      <Filter>Header Files</Filter>
    </ClInclude>
    <ClInclude Include="src\Missile.h">
      <Filter>Header Files</Filter>
    </ClInclude>
    <ClInclude Include="src\rusher.h">
      <Filter>Header Files</Filter>
    </ClInclude>
    <ClInclude Include="src\enemyProjectile.h">
      <Filter>Header Files</Filter>
    </ClInclude>
    <ClInclude Include="src\loner.h">
      <Filter>Header Files</Filter>
    </ClInclude>
    <ClInclude Include="src\metalAsteroid.h">
      <Filter>Header Files</Filter>
    </ClInclude>
    <ClInclude Include="src\stoneAsteroid.h">
      <Filter>Header Files</Filter>
    </ClInclude>
    <ClInclude Include="src\drone.h">
      <Filter>Header Files</Filter>
    </ClInclude>
    <ClInclude Include="src\dronePack.h">
      <Filter>Header Files</Filter>
    </ClInclude>
    <ClInclude Include="src\metalAsteroidSpawner.h">
      <Filter>Header Files</Filter>
    </ClInclude>
    <ClInclude Include="src\stoneAsteroidSpawner.h">
      <Filter>Header Files</Filter>
    </ClInclude>
    <ClInclude Include="src\ally.h">
      <Filter>Header Files</Filter>
    </ClInclude>
    <ClInclude Include="src\companion.h">
      <Filter>Header Files</Filter>
    </ClInclude>
    <ClInclude Include="src\spaceship.h">
      <Filter>Header Files</Filter>
    </ClInclude>
    <ClInclude Include="src\droneSpawner.h">
      <Filter>Header Files</Filter>
    </ClInclude>
    <ClInclude Include="src\rusherSpawner.h">
      <Filter>Header Files</Filter>
    </ClInclude>
    <ClInclude Include="src\lonerSpawner.h">
      <Filter>Header Files</Filter>
    </ClInclude>
  </ItemGroup>
</Project>